
Microsoft Visual Studio Solution File, Format Version 12.00
# Visual Studio 15
VisualStudioVersion = 15.0.26124.0
MinimumVisualStudioVersion = 15.0.26124.0
Project("{2150E333-8FDC-42A3-9474-1A3956D46DE8}") = "src", "src", "{512BFB6A-BC6C-45AF-8C7E-3165081056F0}"
EndProject
Project("{FAE04EC0-301F-11D3-BF4B-00C04F79EFBC}") = "GoF", "src\GoF\GoF.csproj", "{51235804-797A-4F2E-84FE-79082152BD34}"
EndProject
Project("{2150E333-8FDC-42A3-9474-1A3956D46DE8}") = "test", "test", "{60693D71-F8CF-42BA-B12B-2BFCD9036B0F}"
EndProject
Project("{FAE04EC0-301F-11D3-BF4B-00C04F79EFBC}") = "GoF.Tests", "test\GoF.Tests\GoF.Tests.csproj", "{03A19E3E-2CD1-4B73-A08F-1816D4C4CD13}"
EndProject
Global
	GlobalSection(SolutionConfigurationPlatforms) = preSolution
		Debug|Any CPU = Debug|Any CPU
		Debug|x64 = Debug|x64
		Debug|x86 = Debug|x86
		Release|Any CPU = Release|Any CPU
		Release|x64 = Release|x64
		Release|x86 = Release|x86
	EndGlobalSection
	GlobalSection(SolutionProperties) = preSolution
		HideSolutionNode = FALSE
	EndGlobalSection
	GlobalSection(ProjectConfigurationPlatforms) = postSolution
		{51235804-797A-4F2E-84FE-79082152BD34}.Debug|Any CPU.ActiveCfg = Debug|Any CPU
		{51235804-797A-4F2E-84FE-79082152BD34}.Debug|Any CPU.Build.0 = Debug|Any CPU
		{51235804-797A-4F2E-84FE-79082152BD34}.Debug|x64.ActiveCfg = Debug|Any CPU
		{51235804-797A-4F2E-84FE-79082152BD34}.Debug|x64.Build.0 = Debug|Any CPU
		{51235804-797A-4F2E-84FE-79082152BD34}.Debug|x86.ActiveCfg = Debug|Any CPU
		{51235804-797A-4F2E-84FE-79082152BD34}.Debug|x86.Build.0 = Debug|Any CPU
		{51235804-797A-4F2E-84FE-79082152BD34}.Release|Any CPU.ActiveCfg = Release|Any CPU
		{51235804-797A-4F2E-84FE-79082152BD34}.Release|Any CPU.Build.0 = Release|Any CPU
		{51235804-797A-4F2E-84FE-79082152BD34}.Release|x64.ActiveCfg = Release|Any CPU
		{51235804-797A-4F2E-84FE-79082152BD34}.Release|x64.Build.0 = Release|Any CPU
		{51235804-797A-4F2E-84FE-79082152BD34}.Release|x86.ActiveCfg = Release|Any CPU
		{51235804-797A-4F2E-84FE-79082152BD34}.Release|x86.Build.0 = Release|Any CPU
		{03A19E3E-2CD1-4B73-A08F-1816D4C4CD13}.Debug|Any CPU.ActiveCfg = Debug|Any CPU
		{03A19E3E-2CD1-4B73-A08F-1816D4C4CD13}.Debug|Any CPU.Build.0 = Debug|Any CPU
		{03A19E3E-2CD1-4B73-A08F-1816D4C4CD13}.Debug|x64.ActiveCfg = Debug|Any CPU
		{03A19E3E-2CD1-4B73-A08F-1816D4C4CD13}.Debug|x64.Build.0 = Debug|Any CPU
		{03A19E3E-2CD1-4B73-A08F-1816D4C4CD13}.Debug|x86.ActiveCfg = Debug|Any CPU
		{03A19E3E-2CD1-4B73-A08F-1816D4C4CD13}.Debug|x86.Build.0 = Debug|Any CPU
		{03A19E3E-2CD1-4B73-A08F-1816D4C4CD13}.Release|Any CPU.ActiveCfg = Release|Any CPU
		{03A19E3E-2CD1-4B73-A08F-1816D4C4CD13}.Release|Any CPU.Build.0 = Release|Any CPU
		{03A19E3E-2CD1-4B73-A08F-1816D4C4CD13}.Release|x64.ActiveCfg = Release|Any CPU
		{03A19E3E-2CD1-4B73-A08F-1816D4C4CD13}.Release|x64.Build.0 = Release|Any CPU
		{03A19E3E-2CD1-4B73-A08F-1816D4C4CD13}.Release|x86.ActiveCfg = Release|Any CPU
		{03A19E3E-2CD1-4B73-A08F-1816D4C4CD13}.Release|x86.Build.0 = Release|Any CPU
	EndGlobalSection
	GlobalSection(NestedProjects) = preSolution
		{51235804-797A-4F2E-84FE-79082152BD34} = {512BFB6A-BC6C-45AF-8C7E-3165081056F0}
		{03A19E3E-2CD1-4B73-A08F-1816D4C4CD13} = {60693D71-F8CF-42BA-B12B-2BFCD9036B0F}
	EndGlobalSection
EndGlobal
